
Microsoft Visual Studio Solution File, Format Version 12.00
# Visual Studio Version 17
VisualStudioVersion = 17.12.35527.113 d17.12
MinimumVisualStudioVersion = 10.0.40219.1
Project("{FAE04EC0-301F-11D3-BF4B-00C04F79EFBC}") = "Xopero.API", "Xopero.API\Xopero.API.csproj", "{0A79E6EB-A8B6-4B53-A71F-085F5E574287}"
EndProject
Project("{FAE04EC0-301F-11D3-BF4B-00C04F79EFBC}") = "Xopero.Library", "Xopero.Library\Xopero.Library.csproj", "{234F3A3D-E95C-49F3-9AE7-196FBFE2F877}"
EndProject
Global
	GlobalSection(SolutionConfigurationPlatforms) = preSolution
		Debug|Any CPU = Debug|Any CPU
		Release|Any CPU = Release|Any CPU
	EndGlobalSection
	GlobalSection(ProjectConfigurationPlatforms) = postSolution
		{0A79E6EB-A8B6-4B53-A71F-085F5E574287}.Debug|Any CPU.ActiveCfg = Debug|Any CPU
		{0A79E6EB-A8B6-4B53-A71F-085F5E574287}.Debug|Any CPU.Build.0 = Debug|Any CPU
		{0A79E6EB-A8B6-4B53-A71F-085F5E574287}.Release|Any CPU.ActiveCfg = Release|Any CPU
		{0A79E6EB-A8B6-4B53-A71F-085F5E574287}.Release|Any CPU.Build.0 = Release|Any CPU
		{234F3A3D-E95C-49F3-9AE7-196FBFE2F877}.Debug|Any CPU.ActiveCfg = Debug|Any CPU
		{234F3A3D-E95C-49F3-9AE7-196FBFE2F877}.Debug|Any CPU.Build.0 = Debug|Any CPU
		{234F3A3D-E95C-49F3-9AE7-196FBFE2F877}.Release|Any CPU.ActiveCfg = Release|Any CPU
		{234F3A3D-E95C-49F3-9AE7-196FBFE2F877}.Release|Any CPU.Build.0 = Release|Any CPU
	EndGlobalSection
	GlobalSection(SolutionProperties) = preSolution
		HideSolutionNode = FALSE
	EndGlobalSection
EndGlobal
